// !$*UTF8*$!
{
	archiveVersion = 1;
	classes = {
	};
	objectVersion = 55;
	objects = {

/* Begin PBXBuildFile section */
		BF97E1002760BC5D00319A30 /* ForecastCollectionViewCell.swift in Sources */ = {isa = PBXBuildFile; fileRef = BF97E0FE2760BC5D00319A30 /* ForecastCollectionViewCell.swift */; };
		BF97E1012760BC5D00319A30 /* ForecastCollectionViewCell.xib in Resources */ = {isa = PBXBuildFile; fileRef = BF97E0FF2760BC5D00319A30 /* ForecastCollectionViewCell.xib */; };
		BF97E1032760D29200319A30 /* fullForecastModel.swift in Sources */ = {isa = PBXBuildFile; fileRef = BF97E1022760D29200319A30 /* fullForecastModel.swift */; };
		BF97E1062760DB5C00319A30 /* ForecastTableViewCell.swift in Sources */ = {isa = PBXBuildFile; fileRef = BF97E1042760DB5C00319A30 /* ForecastTableViewCell.swift */; };
		BF97E1072760DB5C00319A30 /* ForecastTableViewCell.xib in Resources */ = {isa = PBXBuildFile; fileRef = BF97E1052760DB5C00319A30 /* ForecastTableViewCell.xib */; };
		BFCB7FE2275ECC19003FA6B6 /* AppDelegate.swift in Sources */ = {isa = PBXBuildFile; fileRef = BFCB7FE1275ECC19003FA6B6 /* AppDelegate.swift */; };
		BFCB7FE4275ECC19003FA6B6 /* SceneDelegate.swift in Sources */ = {isa = PBXBuildFile; fileRef = BFCB7FE3275ECC19003FA6B6 /* SceneDelegate.swift */; };
		BFCB7FE6275ECC19003FA6B6 /* NowViewController.swift in Sources */ = {isa = PBXBuildFile; fileRef = BFCB7FE5275ECC19003FA6B6 /* NowViewController.swift */; };
		BFCB7FE9275ECC19003FA6B6 /* Main.storyboard in Resources */ = {isa = PBXBuildFile; fileRef = BFCB7FE7275ECC19003FA6B6 /* Main.storyboard */; };
		BFCB7FEB275ECC1B003FA6B6 /* Assets.xcassets in Resources */ = {isa = PBXBuildFile; fileRef = BFCB7FEA275ECC1B003FA6B6 /* Assets.xcassets */; };
		BFCB7FEE275ECC1B003FA6B6 /* LaunchScreen.storyboard in Resources */ = {isa = PBXBuildFile; fileRef = BFCB7FEC275ECC1B003FA6B6 /* LaunchScreen.storyboard */; };
		BFCB7FF7275ECC86003FA6B6 /* WeatherModel.swift in Sources */ = {isa = PBXBuildFile; fileRef = BFCB7FF6275ECC85003FA6B6 /* WeatherModel.swift */; };
		BFCB7FFE275ECD33003FA6B6 /* ApiManager.swift in Sources */ = {isa = PBXBuildFile; fileRef = BFCB7FFD275ECD33003FA6B6 /* ApiManager.swift */; };
/* End PBXBuildFile section */

/* Begin PBXFileReference section */
		BF97E0FE2760BC5D00319A30 /* ForecastCollectionViewCell.swift */ = {isa = PBXFileReference; lastKnownFileType = sourcecode.swift; path = ForecastCollectionViewCell.swift; sourceTree = "<group>"; };
		BF97E0FF2760BC5D00319A30 /* ForecastCollectionViewCell.xib */ = {isa = PBXFileReference; lastKnownFileType = file.xib; path = ForecastCollectionViewCell.xib; sourceTree = "<group>"; };
		BF97E1022760D29200319A30 /* fullForecastModel.swift */ = {isa = PBXFileReference; lastKnownFileType = sourcecode.swift; path = fullForecastModel.swift; sourceTree = "<group>"; };
		BF97E1042760DB5C00319A30 /* ForecastTableViewCell.swift */ = {isa = PBXFileReference; lastKnownFileType = sourcecode.swift; path = ForecastTableViewCell.swift; sourceTree = "<group>"; };
		BF97E1052760DB5C00319A30 /* ForecastTableViewCell.xib */ = {isa = PBXFileReference; lastKnownFileType = file.xib; path = ForecastTableViewCell.xib; sourceTree = "<group>"; };
		BFCB7FDE275ECC19003FA6B6 /* ForecastApp.app */ = {isa = PBXFileReference; explicitFileType = wrapper.application; includeInIndex = 0; path = ForecastApp.app; sourceTree = BUILT_PRODUCTS_DIR; };
		BFCB7FE1275ECC19003FA6B6 /* AppDelegate.swift */ = {isa = PBXFileReference; lastKnownFileType = sourcecode.swift; path = AppDelegate.swift; sourceTree = "<group>"; };
		BFCB7FE3275ECC19003FA6B6 /* SceneDelegate.swift */ = {isa = PBXFileReference; lastKnownFileType = sourcecode.swift; path = SceneDelegate.swift; sourceTree = "<group>"; };
		BFCB7FE5275ECC19003FA6B6 /* NowViewController.swift */ = {isa = PBXFileReference; lastKnownFileType = sourcecode.swift; path = NowViewController.swift; sourceTree = "<group>"; };
		BFCB7FE8275ECC19003FA6B6 /* Base */ = {isa = PBXFileReference; lastKnownFileType = file.storyboard; name = Base; path = Base.lproj/Main.storyboard; sourceTree = "<group>"; };
		BFCB7FEA275ECC1B003FA6B6 /* Assets.xcassets */ = {isa = PBXFileReference; lastKnownFileType = folder.assetcatalog; path = Assets.xcassets; sourceTree = "<group>"; };
		BFCB7FED275ECC1B003FA6B6 /* Base */ = {isa = PBXFileReference; lastKnownFileType = file.storyboard; name = Base; path = Base.lproj/LaunchScreen.storyboard; sourceTree = "<group>"; };
		BFCB7FEF275ECC1B003FA6B6 /* Info.plist */ = {isa = PBXFileReference; lastKnownFileType = text.plist.xml; path = Info.plist; sourceTree = "<group>"; };
		BFCB7FF6275ECC85003FA6B6 /* WeatherModel.swift */ = {isa = PBXFileReference; lastKnownFileType = sourcecode.swift; path = WeatherModel.swift; sourceTree = "<group>"; };
		BFCB7FFD275ECD33003FA6B6 /* ApiManager.swift */ = {isa = PBXFileReference; lastKnownFileType = sourcecode.swift; path = ApiManager.swift; sourceTree = "<group>"; };
/* End PBXFileReference section */

/* Begin PBXFrameworksBuildPhase section */
		BFCB7FDB275ECC19003FA6B6 /* Frameworks */ = {
			isa = PBXFrameworksBuildPhase;
			buildActionMask = 2147483647;
			files = (
			);
			runOnlyForDeploymentPostprocessing = 0;
		};
/* End PBXFrameworksBuildPhase section */

/* Begin PBXGroup section */
		BFCB7FD5275ECC19003FA6B6 = {
			isa = PBXGroup;
			children = (
				BFCB7FE0275ECC19003FA6B6 /* ForecastApp */,
				BFCB7FDF275ECC19003FA6B6 /* Products */,
			);
			sourceTree = "<group>";
		};
		BFCB7FDF275ECC19003FA6B6 /* Products */ = {
			isa = PBXGroup;
			children = (
				BFCB7FDE275ECC19003FA6B6 /* ForecastApp.app */,
			);
			name = Products;
			sourceTree = "<group>";
		};
		BFCB7FE0275ECC19003FA6B6 /* ForecastApp */ = {
			isa = PBXGroup;
			children = (
				BFCB7FFC275ECD23003FA6B6 /* Api */,
				BFCB7FFB275ECCEA003FA6B6 /* Controllers */,
				BFCB7FFA275ECCD9003FA6B6 /* Views */,
				BFCB7FF5275ECC75003FA6B6 /* Models */,
				BFCB7FE1275ECC19003FA6B6 /* AppDelegate.swift */,
				BFCB7FE3275ECC19003FA6B6 /* SceneDelegate.swift */,
				BFCB7FEA275ECC1B003FA6B6 /* Assets.xcassets */,
				BFCB7FEF275ECC1B003FA6B6 /* Info.plist */,
			);
			path = ForecastApp;
			sourceTree = "<group>";
		};
		BFCB7FF5275ECC75003FA6B6 /* Models */ = {
			isa = PBXGroup;
			children = (
				BFCB7FF6275ECC85003FA6B6 /* WeatherModel.swift */,
				BF97E1022760D29200319A30 /* fullForecastModel.swift */,
			);
			path = Models;
			sourceTree = "<group>";
		};
		BFCB7FFA275ECCD9003FA6B6 /* Views */ = {
			isa = PBXGroup;
			children = (
				BFCB7FE7275ECC19003FA6B6 /* Main.storyboard */,
				BFCB7FEC275ECC1B003FA6B6 /* LaunchScreen.storyboard */,
				BF97E0FF2760BC5D00319A30 /* ForecastCollectionViewCell.xib */,
				BF97E1052760DB5C00319A30 /* ForecastTableViewCell.xib */,
			);
			path = Views;
			sourceTree = "<group>";
		};
		BFCB7FFB275ECCEA003FA6B6 /* Controllers */ = {
			isa = PBXGroup;
			children = (
				BFCB7FE5275ECC19003FA6B6 /* NowViewController.swift */,
				BF97E0FE2760BC5D00319A30 /* ForecastCollectionViewCell.swift */,
				BF97E1042760DB5C00319A30 /* ForecastTableViewCell.swift */,
			);
			path = Controllers;
			sourceTree = "<group>";
		};
		BFCB7FFC275ECD23003FA6B6 /* Api */ = {
			isa = PBXGroup;
			children = (
				BFCB7FFD275ECD33003FA6B6 /* ApiManager.swift */,
			);
			path = Api;
			sourceTree = "<group>";
		};
/* End PBXGroup section */

/* Begin PBXNativeTarget section */
		BFCB7FDD275ECC19003FA6B6 /* ForecastApp */ = {
			isa = PBXNativeTarget;
			buildConfigurationList = BFCB7FF2275ECC1B003FA6B6 /* Build configuration list for PBXNativeTarget "ForecastApp" */;
			buildPhases = (
				BFCB7FDA275ECC19003FA6B6 /* Sources */,
				BFCB7FDB275ECC19003FA6B6 /* Frameworks */,
				BFCB7FDC275ECC19003FA6B6 /* Resources */,
			);
			buildRules = (
			);
			dependencies = (
			);
			name = ForecastApp;
			productName = ForecastApp;
			productReference = BFCB7FDE275ECC19003FA6B6 /* ForecastApp.app */;
			productType = "com.apple.product-type.application";
		};
/* End PBXNativeTarget section */

/* Begin PBXProject section */
		BFCB7FD6275ECC19003FA6B6 /* Project object */ = {
			isa = PBXProject;
			attributes = {
				BuildIndependentTargetsInParallel = 1;
				LastSwiftUpdateCheck = 1300;
				LastUpgradeCheck = 1300;
				TargetAttributes = {
					BFCB7FDD275ECC19003FA6B6 = {
						CreatedOnToolsVersion = 13.0;
					};
				};
			};
			buildConfigurationList = BFCB7FD9275ECC19003FA6B6 /* Build configuration list for PBXProject "ForecastApp" */;
			compatibilityVersion = "Xcode 13.0";
			developmentRegion = en;
			hasScannedForEncodings = 0;
			knownRegions = (
				en,
				Base,
			);
			mainGroup = BFCB7FD5275ECC19003FA6B6;
			productRefGroup = BFCB7FDF275ECC19003FA6B6 /* Products */;
			projectDirPath = "";
			projectRoot = "";
			targets = (
				BFCB7FDD275ECC19003FA6B6 /* ForecastApp */,
			);
		};
/* End PBXProject section */

/* Begin PBXResourcesBuildPhase section */
		BFCB7FDC275ECC19003FA6B6 /* Resources */ = {
			isa = PBXResourcesBuildPhase;
			buildActionMask = 2147483647;
			files = (
				BF97E1072760DB5C00319A30 /* ForecastTableViewCell.xib in Resources */,
				BFCB7FEE275ECC1B003FA6B6 /* LaunchScreen.storyboard in Resources */,
				BFCB7FEB275ECC1B003FA6B6 /* Assets.xcassets in Resources */,
				BFCB7FE9275ECC19003FA6B6 /* Main.storyboard in Resources */,
				BF97E1012760BC5D00319A30 /* ForecastCollectionViewCell.xib in Resources */,
			);
			runOnlyForDeploymentPostprocessing = 0;
		};
/* End PBXResourcesBuildPhase section */

/* Begin PBXSourcesBuildPhase section */
		BFCB7FDA275ECC19003FA6B6 /* Sources */ = {
			isa = PBXSourcesBuildPhase;
			buildActionMask = 2147483647;
			files = (
				BF97E1062760DB5C00319A30 /* ForecastTableViewCell.swift in Sources */,
				BFCB7FE6275ECC19003FA6B6 /* NowViewController.swift in Sources */,
				BFCB7FE2275ECC19003FA6B6 /* AppDelegate.swift in Sources */,
				BFCB7FF7275ECC86003FA6B6 /* WeatherModel.swift in Sources */,
				BFCB7FE4275ECC19003FA6B6 /* SceneDelegate.swift in Sources */,
				BFCB7FFE275ECD33003FA6B6 /* ApiManager.swift in Sources */,
				BF97E1002760BC5D00319A30 /* ForecastCollectionViewCell.swift in Sources */,
				BF97E1032760D29200319A30 /* fullForecastModel.swift in Sources */,
			);
			runOnlyForDeploymentPostprocessing = 0;
		};
/* End PBXSourcesBuildPhase section */

/* Begin PBXVariantGroup section */
		BFCB7FE7275ECC19003FA6B6 /* Main.storyboard */ = {
			isa = PBXVariantGroup;
			children = (
				BFCB7FE8275ECC19003FA6B6 /* Base */,
			);
			name = Main.storyboard;
			sourceTree = "<group>";
		};
		BFCB7FEC275ECC1B003FA6B6 /* LaunchScreen.storyboard */ = {
			isa = PBXVariantGroup;
			children = (
				BFCB7FED275ECC1B003FA6B6 /* Base */,
			);
			name = LaunchScreen.storyboard;
			sourceTree = "<group>";
		};
/* End PBXVariantGroup section */

/* Begin XCBuildConfiguration section */
		BFCB7FF0275ECC1B003FA6B6 /* Debug */ = {
			isa = XCBuildConfiguration;
			buildSettings = {
				ALWAYS_SEARCH_USER_PATHS = NO;
				CLANG_ANALYZER_NONNULL = YES;
				CLANG_ANALYZER_NUMBER_OBJECT_CONVERSION = YES_AGGRESSIVE;
				CLANG_CXX_LANGUAGE_STANDARD = "gnu++17";
				CLANG_CXX_LIBRARY = "libc++";
				CLANG_ENABLE_MODULES = YES;
				CLANG_ENABLE_OBJC_ARC = YES;
				CLANG_ENABLE_OBJC_WEAK = YES;
				CLANG_WARN_BLOCK_CAPTURE_AUTORELEASING = YES;
				CLANG_WARN_BOOL_CONVERSION = YES;
				CLANG_WARN_COMMA = YES;
				CLANG_WARN_CONSTANT_CONVERSION = YES;
				CLANG_WARN_DEPRECATED_OBJC_IMPLEMENTATIONS = YES;
				CLANG_WARN_DIRECT_OBJC_ISA_USAGE = YES_ERROR;
				CLANG_WARN_DOCUMENTATION_COMMENTS = YES;
				CLANG_WARN_EMPTY_BODY = YES;
				CLANG_WARN_ENUM_CONVERSION = YES;
				CLANG_WARN_INFINITE_RECURSION = YES;
				CLANG_WARN_INT_CONVERSION = YES;
				CLANG_WARN_NON_LITERAL_NULL_CONVERSION = YES;
				CLANG_WARN_OBJC_IMPLICIT_RETAIN_SELF = YES;
				CLANG_WARN_OBJC_LITERAL_CONVERSION = YES;
				CLANG_WARN_OBJC_ROOT_CLASS = YES_ERROR;
				CLANG_WARN_QUOTED_INCLUDE_IN_FRAMEWORK_HEADER = YES;
				CLANG_WARN_RANGE_LOOP_ANALYSIS = YES;
				CLANG_WARN_STRICT_PROTOTYPES = YES;
				CLANG_WARN_SUSPICIOUS_MOVE = YES;
				CLANG_WARN_UNGUARDED_AVAILABILITY = YES_AGGRESSIVE;
				CLANG_WARN_UNREACHABLE_CODE = YES;
				CLANG_WARN__DUPLICATE_METHOD_MATCH = YES;
				COPY_PHASE_STRIP = NO;
				DEBUG_INFORMATION_FORMAT = dwarf;
				ENABLE_STRICT_OBJC_MSGSEND = YES;
				ENABLE_TESTABILITY = YES;
				GCC_C_LANGUAGE_STANDARD = gnu11;
				GCC_DYNAMIC_NO_PIC = NO;
				GCC_NO_COMMON_BLOCKS = YES;
				GCC_OPTIMIZATION_LEVEL = 0;
				GCC_PREPROCESSOR_DEFINITIONS = (
					"DEBUG=1",
					"$(inherited)",
				);
				GCC_WARN_64_TO_32_BIT_CONVERSION = YES;
				GCC_WARN_ABOUT_RETURN_TYPE = YES_ERROR;
				GCC_WARN_UNDECLARED_SELECTOR = YES;
				GCC_WARN_UNINITIALIZED_AUTOS = YES_AGGRESSIVE;
				GCC_WARN_UNUSED_FUNCTION = YES;
				GCC_WARN_UNUSED_VARIABLE = YES;
				IPHONEOS_DEPLOYMENT_TARGET = 15.0;
				MTL_ENABLE_DEBUG_INFO = INCLUDE_SOURCE;
				MTL_FAST_MATH = YES;
				ONLY_ACTIVE_ARCH = YES;
				SDKROOT = iphoneos;
				SWIFT_ACTIVE_COMPILATION_CONDITIONS = DEBUG;
				SWIFT_OPTIMIZATION_LEVEL = "-Onone";
			};
			name = Debug;
		};
		BFCB7FF1275ECC1B003FA6B6 /* Release */ = {
			isa = XCBuildConfiguration;
			buildSettings = {
				ALWAYS_SEARCH_USER_PATHS = NO;
				CLANG_ANALYZER_NONNULL = YES;
				CLANG_ANALYZER_NUMBER_OBJECT_CONVERSION = YES_AGGRESSIVE;
				CLANG_CXX_LANGUAGE_STANDARD = "gnu++17";
				CLANG_CXX_LIBRARY = "libc++";
				CLANG_ENABLE_MODULES = YES;
				CLANG_ENABLE_OBJC_ARC = YES;
				CLANG_ENABLE_OBJC_WEAK = YES;
				CLANG_WARN_BLOCK_CAPTURE_AUTORELEASING = YES;
				CLANG_WARN_BOOL_CONVERSION = YES;
				CLANG_WARN_COMMA = YES;
				CLANG_WARN_CONSTANT_CONVERSION = YES;
				CLANG_WARN_DEPRECATED_OBJC_IMPLEMENTATIONS = YES;
				CLANG_WARN_DIRECT_OBJC_ISA_USAGE = YES_ERROR;
				CLANG_WARN_DOCUMENTATION_COMMENTS = YES;
				CLANG_WARN_EMPTY_BODY = YES;
				CLANG_WARN_ENUM_CONVERSION = YES;
				CLANG_WARN_INFINITE_RECURSION = YES;
				CLANG_WARN_INT_CONVERSION = YES;
				CLANG_WARN_NON_LITERAL_NULL_CONVERSION = YES;
				CLANG_WARN_OBJC_IMPLICIT_RETAIN_SELF = YES;
				CLANG_WARN_OBJC_LITERAL_CONVERSION = YES;
				CLANG_WARN_OBJC_ROOT_CLASS = YES_ERROR;
				CLANG_WARN_QUOTED_INCLUDE_IN_FRAMEWORK_HEADER = YES;
				CLANG_WARN_RANGE_LOOP_ANALYSIS = YES;
				CLANG_WARN_STRICT_PROTOTYPES = YES;
				CLANG_WARN_SUSPICIOUS_MOVE = YES;
				CLANG_WARN_UNGUARDED_AVAILABILITY = YES_AGGRESSIVE;
				CLANG_WARN_UNREACHABLE_CODE = YES;
				CLANG_WARN__DUPLICATE_METHOD_MATCH = YES;
				COPY_PHASE_STRIP = NO;
				DEBUG_INFORMATION_FORMAT = "dwarf-with-dsym";
				ENABLE_NS_ASSERTIONS = NO;
				ENABLE_STRICT_OBJC_MSGSEND = YES;
				GCC_C_LANGUAGE_STANDARD = gnu11;
				GCC_NO_COMMON_BLOCKS = YES;
				GCC_WARN_64_TO_32_BIT_CONVERSION = YES;
				GCC_WARN_ABOUT_RETURN_TYPE = YES_ERROR;
				GCC_WARN_UNDECLARED_SELECTOR = YES;
				GCC_WARN_UNINITIALIZED_AUTOS = YES_AGGRESSIVE;
				GCC_WARN_UNUSED_FUNCTION = YES;
				GCC_WARN_UNUSED_VARIABLE = YES;
				IPHONEOS_DEPLOYMENT_TARGET = 15.0;
				MTL_ENABLE_DEBUG_INFO = NO;
				MTL_FAST_MATH = YES;
				SDKROOT = iphoneos;
				SWIFT_COMPILATION_MODE = wholemodule;
				SWIFT_OPTIMIZATION_LEVEL = "-O";
				VALIDATE_PRODUCT = YES;
			};
			name = Release;
		};
		BFCB7FF3275ECC1B003FA6B6 /* Debug */ = {
			isa = XCBuildConfiguration;
			buildSettings = {
				ASSETCATALOG_COMPILER_APPICON_NAME = AppIcon;
				ASSETCATALOG_COMPILER_GLOBAL_ACCENT_COLOR_NAME = AccentColor;
				CODE_SIGN_STYLE = Automatic;
				CURRENT_PROJECT_VERSION = 1;
				DEVELOPMENT_TEAM = WN5VMWRJC6;
				GENERATE_INFOPLIST_FILE = YES;
				INFOPLIST_FILE = ForecastApp/Info.plist;
				INFOPLIST_KEY_UIApplicationSupportsIndirectInputEvents = YES;
				INFOPLIST_KEY_UILaunchStoryboardName = LaunchScreen;
				INFOPLIST_KEY_UIMainStoryboardFile = Main;
				INFOPLIST_KEY_UISupportedInterfaceOrientations_iPad = "UIInterfaceOrientationPortrait UIInterfaceOrientationPortraitUpsideDown UIInterfaceOrientationLandscapeLeft UIInterfaceOrientationLandscapeRight";
				INFOPLIST_KEY_UISupportedInterfaceOrientations_iPhone = "UIInterfaceOrientationPortrait UIInterfaceOrientationLandscapeLeft UIInterfaceOrientationLandscapeRight";
				LD_RUNPATH_SEARCH_PATHS = (
					"$(inherited)",
					"@executable_path/Frameworks",
				);
				MARKETING_VERSION = 1.0;
				PRODUCT_BUNDLE_IDENTIFIER = tatsiana.ForecastApp;
				PRODUCT_NAME = "$(TARGET_NAME)";
				SWIFT_EMIT_LOC_STRINGS = YES;
				SWIFT_VERSION = 5.0;
				TARGETED_DEVICE_FAMILY = "1,2";
			};
			name = Debug;
		};
		BFCB7FF4275ECC1B003FA6B6 /* Release */ = {
			isa = XCBuildConfiguration;
			buildSettings = {
				ASSETCATALOG_COMPILER_APPICON_NAME = AppIcon;
				ASSETCATALOG_COMPILER_GLOBAL_ACCENT_COLOR_NAME = AccentColor;
				CODE_SIGN_STYLE = Automatic;
				CURRENT_PROJECT_VERSION = 1;
				DEVELOPMENT_TEAM = WN5VMWRJC6;
				GENERATE_INFOPLIST_FILE = YES;
				INFOPLIST_FILE = ForecastApp/Info.plist;
				INFOPLIST_KEY_UIApplicationSupportsIndirectInputEvents = YES;
				INFOPLIST_KEY_UILaunchStoryboardName = LaunchScreen;
				INFOPLIST_KEY_UIMainStoryboardFile = Main;
				INFOPLIST_KEY_UISupportedInterfaceOrientations_iPad = "UIInterfaceOrientationPortrait UIInterfaceOrientationPortraitUpsideDown UIInterfaceOrientationLandscapeLeft UIInterfaceOrientationLandscapeRight";
				INFOPLIST_KEY_UISupportedInterfaceOrientations_iPhone = "UIInterfaceOrientationPortrait UIInterfaceOrientationLandscapeLeft UIInterfaceOrientationLandscapeRight";
				LD_RUNPATH_SEARCH_PATHS = (
					"$(inherited)",
					"@executable_path/Frameworks",
				);
				MARKETING_VERSION = 1.0;
				PRODUCT_BUNDLE_IDENTIFIER = tatsiana.ForecastApp;
				PRODUCT_NAME = "$(TARGET_NAME)";
				SWIFT_EMIT_LOC_STRINGS = YES;
				SWIFT_VERSION = 5.0;
				TARGETED_DEVICE_FAMILY = "1,2";
			};
			name = Release;
		};
/* End XCBuildConfiguration section */

/* Begin XCConfigurationList section */
		BFCB7FD9275ECC19003FA6B6 /* Build configuration list for PBXProject "ForecastApp" */ = {
			isa = XCConfigurationList;
			buildConfigurations = (
				BFCB7FF0275ECC1B003FA6B6 /* Debug */,
				BFCB7FF1275ECC1B003FA6B6 /* Release */,
			);
			defaultConfigurationIsVisible = 0;
			defaultConfigurationName = Release;
		};
		BFCB7FF2275ECC1B003FA6B6 /* Build configuration list for PBXNativeTarget "ForecastApp" */ = {
			isa = XCConfigurationList;
			buildConfigurations = (
				BFCB7FF3275ECC1B003FA6B6 /* Debug */,
				BFCB7FF4275ECC1B003FA6B6 /* Release */,
			);
			defaultConfigurationIsVisible = 0;
			defaultConfigurationName = Release;
		};
/* End XCConfigurationList section */
	};
	rootObject = BFCB7FD6275ECC19003FA6B6 /* Project object */;
}
